// !$*UTF8*$!
{
	archiveVersion = 1;
	classes = {
	};
	objectVersion = 46;
	objects = {

/* Begin PBXBuildFile section */
		2DBAEA201AE622E400372075 /* AppDelegate.swift in Sources */ = {isa = PBXBuildFile; fileRef = 2DBAEA1F1AE622E400372075 /* AppDelegate.swift */; };
		2DBAEA251AE622E400372075 /* Main.storyboard in Resources */ = {isa = PBXBuildFile; fileRef = 2DBAEA231AE622E400372075 /* Main.storyboard */; };
		2DBAEA271AE622E400372075 /* Images.xcassets in Resources */ = {isa = PBXBuildFile; fileRef = 2DBAEA261AE622E400372075 /* Images.xcassets */; };
		2DBAEA2A1AE622E400372075 /* LaunchScreen.xib in Resources */ = {isa = PBXBuildFile; fileRef = 2DBAEA281AE622E400372075 /* LaunchScreen.xib */; };
		2DBAEA361AE622E400372075 /* SearchBarTests.swift in Sources */ = {isa = PBXBuildFile; fileRef = 2DBAEA351AE622E400372075 /* SearchBarTests.swift */; };
		2DBAEA401AE6290000372075 /* TableViewController.swift in Sources */ = {isa = PBXBuildFile; fileRef = 2DBAEA3F1AE6290000372075 /* TableViewController.swift */; };
		2DBAEA421AE6294700372075 /* Candy.swift in Sources */ = {isa = PBXBuildFile; fileRef = 2DBAEA411AE6294700372075 /* Candy.swift */; };
/* End PBXBuildFile section */

/* Begin PBXContainerItemProxy section */
		2DBAEA301AE622E400372075 /* PBXContainerItemProxy */ = {
			isa = PBXContainerItemProxy;
			containerPortal = 2DBAEA121AE622E400372075 /* Project object */;
			proxyType = 1;
			remoteGlobalIDString = 2DBAEA191AE622E400372075;
			remoteInfo = SearchBar;
		};
/* End PBXContainerItemProxy section */

/* Begin PBXFileReference section */
		2DBAEA1A1AE622E400372075 /* SearchBar.app */ = {isa = PBXFileReference; explicitFileType = wrapper.application; includeInIndex = 0; path = SearchBar.app; sourceTree = BUILT_PRODUCTS_DIR; };
		2DBAEA1E1AE622E400372075 /* Info.plist */ = {isa = PBXFileReference; lastKnownFileType = text.plist.xml; path = Info.plist; sourceTree = "<group>"; };
		2DBAEA1F1AE622E400372075 /* AppDelegate.swift */ = {isa = PBXFileReference; lastKnownFileType = sourcecode.swift; path = AppDelegate.swift; sourceTree = "<group>"; };
		2DBAEA241AE622E400372075 /* Base */ = {isa = PBXFileReference; lastKnownFileType = file.storyboard; name = Base; path = Base.lproj/Main.storyboard; sourceTree = "<group>"; };
		2DBAEA261AE622E400372075 /* Images.xcassets */ = {isa = PBXFileReference; lastKnownFileType = folder.assetcatalog; path = Images.xcassets; sourceTree = "<group>"; };
		2DBAEA291AE622E400372075 /* Base */ = {isa = PBXFileReference; lastKnownFileType = file.xib; name = Base; path = Base.lproj/LaunchScreen.xib; sourceTree = "<group>"; };
		2DBAEA2F1AE622E400372075 /* SearchBarTests.xctest */ = {isa = PBXFileReference; explicitFileType = wrapper.cfbundle; includeInIndex = 0; path = SearchBarTests.xctest; sourceTree = BUILT_PRODUCTS_DIR; };
		2DBAEA341AE622E400372075 /* Info.plist */ = {isa = PBXFileReference; lastKnownFileType = text.plist.xml; path = Info.plist; sourceTree = "<group>"; };
		2DBAEA351AE622E400372075 /* SearchBarTests.swift */ = {isa = PBXFileReference; lastKnownFileType = sourcecode.swift; path = SearchBarTests.swift; sourceTree = "<group>"; };
		2DBAEA3F1AE6290000372075 /* TableViewController.swift */ = {isa = PBXFileReference; fileEncoding = 4; lastKnownFileType = sourcecode.swift; path = TableViewController.swift; sourceTree = "<group>"; };
		2DBAEA411AE6294700372075 /* Candy.swift */ = {isa = PBXFileReference; fileEncoding = 4; lastKnownFileType = sourcecode.swift; path = Candy.swift; sourceTree = "<group>"; };
/* End PBXFileReference section */

/* Begin PBXFrameworksBuildPhase section */
		2DBAEA171AE622E400372075 /* Frameworks */ = {
			isa = PBXFrameworksBuildPhase;
			buildActionMask = 2147483647;
			files = (
			);
			runOnlyForDeploymentPostprocessing = 0;
		};
		2DBAEA2C1AE622E400372075 /* Frameworks */ = {
			isa = PBXFrameworksBuildPhase;
			buildActionMask = 2147483647;
			files = (
			);
			runOnlyForDeploymentPostprocessing = 0;
		};
/* End PBXFrameworksBuildPhase section */

/* Begin PBXGroup section */
		2DBAEA111AE622E400372075 = {
			isa = PBXGroup;
			children = (
				2DBAEA1C1AE622E400372075 /* SearchBar */,
				2DBAEA321AE622E400372075 /* SearchBarTests */,
				2DBAEA1B1AE622E400372075 /* Products */,
			);
			sourceTree = "<group>";
		};
		2DBAEA1B1AE622E400372075 /* Products */ = {
			isa = PBXGroup;
			children = (
				2DBAEA1A1AE622E400372075 /* SearchBar.app */,
				2DBAEA2F1AE622E400372075 /* SearchBarTests.xctest */,
			);
			name = Products;
			sourceTree = "<group>";
		};
		2DBAEA1C1AE622E400372075 /* SearchBar */ = {
			isa = PBXGroup;
			children = (
				2DBAEA1F1AE622E400372075 /* AppDelegate.swift */,
				2DBAEA231AE622E400372075 /* Main.storyboard */,
				2DBAEA3F1AE6290000372075 /* TableViewController.swift */,
				2DBAEA411AE6294700372075 /* Candy.swift */,
				2DBAEA261AE622E400372075 /* Images.xcassets */,
				2DBAEA281AE622E400372075 /* LaunchScreen.xib */,
				2DBAEA1D1AE622E400372075 /* Supporting Files */,
			);
			path = SearchBar;
			sourceTree = "<group>";
		};
		2DBAEA1D1AE622E400372075 /* Supporting Files */ = {
			isa = PBXGroup;
			children = (
				2DBAEA1E1AE622E400372075 /* Info.plist */,
			);
			name = "Supporting Files";
			sourceTree = "<group>";
		};
		2DBAEA321AE622E400372075 /* SearchBarTests */ = {
			isa = PBXGroup;
			children = (
				2DBAEA351AE622E400372075 /* SearchBarTests.swift */,
				2DBAEA331AE622E400372075 /* Supporting Files */,
			);
			path = SearchBarTests;
			sourceTree = "<group>";
		};
		2DBAEA331AE622E400372075 /* Supporting Files */ = {
			isa = PBXGroup;
			children = (
				2DBAEA341AE622E400372075 /* Info.plist */,
			);
			name = "Supporting Files";
			sourceTree = "<group>";
		};
/* End PBXGroup section */

/* Begin PBXNativeTarget section */
		2DBAEA191AE622E400372075 /* SearchBar */ = {
			isa = PBXNativeTarget;
			buildConfigurationList = 2DBAEA391AE622E400372075 /* Build configuration list for PBXNativeTarget "SearchBar" */;
			buildPhases = (
				2DBAEA161AE622E400372075 /* Sources */,
				2DBAEA171AE622E400372075 /* Frameworks */,
				2DBAEA181AE622E400372075 /* Resources */,
			);
			buildRules = (
			);
			dependencies = (
			);
			name = SearchBar;
			productName = SearchBar;
			productReference = 2DBAEA1A1AE622E400372075 /* SearchBar.app */;
			productType = "com.apple.product-type.application";
		};
		2DBAEA2E1AE622E400372075 /* SearchBarTests */ = {
			isa = PBXNativeTarget;
			buildConfigurationList = 2DBAEA3C1AE622E400372075 /* Build configuration list for PBXNativeTarget "SearchBarTests" */;
			buildPhases = (
				2DBAEA2B1AE622E400372075 /* Sources */,
				2DBAEA2C1AE622E400372075 /* Frameworks */,
				2DBAEA2D1AE622E400372075 /* Resources */,
			);
			buildRules = (
			);
			dependencies = (
				2DBAEA311AE622E400372075 /* PBXTargetDependency */,
			);
			name = SearchBarTests;
			productName = SearchBarTests;
			productReference = 2DBAEA2F1AE622E400372075 /* SearchBarTests.xctest */;
			productType = "com.apple.product-type.bundle.unit-test";
		};
/* End PBXNativeTarget section */

/* Begin PBXProject section */
		2DBAEA121AE622E400372075 /* Project object */ = {
			isa = PBXProject;
			attributes = {
				LastUpgradeCheck = 0630;
				ORGANIZATIONNAME = wiserkuo;
				TargetAttributes = {
					2DBAEA191AE622E400372075 = {
						CreatedOnToolsVersion = 6.3;
					};
					2DBAEA2E1AE622E400372075 = {
						CreatedOnToolsVersion = 6.3;
						TestTargetID = 2DBAEA191AE622E400372075;
					};
				};
			};
			buildConfigurationList = 2DBAEA151AE622E400372075 /* Build configuration list for PBXProject "SearchBar" */;
			compatibilityVersion = "Xcode 3.2";
			developmentRegion = English;
			hasScannedForEncodings = 0;
			knownRegions = (
				en,
				Base,
			);
			mainGroup = 2DBAEA111AE622E400372075;
			productRefGroup = 2DBAEA1B1AE622E400372075 /* Products */;
			projectDirPath = "";
			projectRoot = "";
			targets = (
				2DBAEA191AE622E400372075 /* SearchBar */,
				2DBAEA2E1AE622E400372075 /* SearchBarTests */,
			);
		};
/* End PBXProject section */

/* Begin PBXResourcesBuildPhase section */
		2DBAEA181AE622E400372075 /* Resources */ = {
			isa = PBXResourcesBuildPhase;
			buildActionMask = 2147483647;
			files = (
				2DBAEA251AE622E400372075 /* Main.storyboard in Resources */,
				2DBAEA2A1AE622E400372075 /* LaunchScreen.xib in Resources */,
				2DBAEA271AE622E400372075 /* Images.xcassets in Resources */,
			);
			runOnlyForDeploymentPostprocessing = 0;
		};
		2DBAEA2D1AE622E400372075 /* Resources */ = {
			isa = PBXResourcesBuildPhase;
			buildActionMask = 2147483647;
			files = (
			);
			runOnlyForDeploymentPostprocessing = 0;
		};
/* End PBXResourcesBuildPhase section */

/* Begin PBXSourcesBuildPhase section */
		2DBAEA161AE622E400372075 /* Sources */ = {
			isa = PBXSourcesBuildPhase;
			buildActionMask = 2147483647;
			files = (
				2DBAEA201AE622E400372075 /* AppDelegate.swift in Sources */,
				2DBAEA421AE6294700372075 /* Candy.swift in Sources */,
				2DBAEA401AE6290000372075 /* TableViewController.swift in Sources */,
			);
			runOnlyForDeploymentPostprocessing = 0;
		};
		2DBAEA2B1AE622E400372075 /* Sources */ = {
			isa = PBXSourcesBuildPhase;
			buildActionMask = 2147483647;
			files = (
				2DBAEA361AE622E400372075 /* SearchBarTests.swift in Sources */,
			);
			runOnlyForDeploymentPostprocessing = 0;
		};
/* End PBXSourcesBuildPhase section */

/* Begin PBXTargetDependency section */
		2DBAEA311AE622E400372075 /* PBXTargetDependency */ = {
			isa = PBXTargetDependency;
			target = 2DBAEA191AE622E400372075 /* SearchBar */;
			targetProxy = 2DBAEA301AE622E400372075 /* PBXContainerItemProxy */;
		};
/* End PBXTargetDependency section */

/* Begin PBXVariantGroup section */
		2DBAEA231AE622E400372075 /* Main.storyboard */ = {
			isa = PBXVariantGroup;
			children = (
				2DBAEA241AE622E400372075 /* Base */,
			);
			name = Main.storyboard;
			sourceTree = "<group>";
		};
		2DBAEA281AE622E400372075 /* LaunchScreen.xib */ = {
			isa = PBXVariantGroup;
			children = (
				2DBAEA291AE622E400372075 /* Base */,
			);
			name = LaunchScreen.xib;
			sourceTree = "<group>";
		};
/* End PBXVariantGroup section */

/* Begin XCBuildConfiguration section */
		2DBAEA371AE622E400372075 /* Debug */ = {
			isa = XCBuildConfiguration;
			buildSettings = {
				ALWAYS_SEARCH_USER_PATHS = NO;
				CLANG_CXX_LANGUAGE_STANDARD = "gnu++0x";
				CLANG_CXX_LIBRARY = "libc++";
				CLANG_ENABLE_MODULES = YES;
				CLANG_ENABLE_OBJC_ARC = YES;
				CLANG_WARN_BOOL_CONVERSION = YES;
				CLANG_WARN_CONSTANT_CONVERSION = YES;
				CLANG_WARN_DIRECT_OBJC_ISA_USAGE = YES_ERROR;
				CLANG_WARN_EMPTY_BODY = YES;
				CLANG_WARN_ENUM_CONVERSION = YES;
				CLANG_WARN_INT_CONVERSION = YES;
				CLANG_WARN_OBJC_ROOT_CLASS = YES_ERROR;
				CLANG_WARN_UNREACHABLE_CODE = YES;
				CLANG_WARN__DUPLICATE_METHOD_MATCH = YES;
				"CODE_SIGN_IDENTITY[sdk=iphoneos*]" = "iPhone Developer";
				COPY_PHASE_STRIP = NO;
				DEBUG_INFORMATION_FORMAT = "dwarf-with-dsym";
				ENABLE_STRICT_OBJC_MSGSEND = YES;
				GCC_C_LANGUAGE_STANDARD = gnu99;
				GCC_DYNAMIC_NO_PIC = NO;
				GCC_NO_COMMON_BLOCKS = YES;
				GCC_OPTIMIZATION_LEVEL = 0;
				GCC_PREPROCESSOR_DEFINITIONS = (
					"DEBUG=1",
					"$(inherited)",
				);
				GCC_SYMBOLS_PRIVATE_EXTERN = NO;
				GCC_WARN_64_TO_32_BIT_CONVERSION = YES;
				GCC_WARN_ABOUT_RETURN_TYPE = YES_ERROR;
				GCC_WARN_UNDECLARED_SELECTOR = YES;
				GCC_WARN_UNINITIALIZED_AUTOS = YES_AGGRESSIVE;
				GCC_WARN_UNUSED_FUNCTION = YES;
				GCC_WARN_UNUSED_VARIABLE = YES;
				IPHONEOS_DEPLOYMENT_TARGET = 8.3;
				MTL_ENABLE_DEBUG_INFO = YES;
				ONLY_ACTIVE_ARCH = YES;
				SDKROOT = iphoneos;
				SWIFT_OPTIMIZATION_LEVEL = "-Onone";
			};
			name = Debug;
		};
		2DBAEA381AE622E400372075 /* Release */ = {
			isa = XCBuildConfiguration;
			buildSettings = {
				ALWAYS_SEARCH_USER_PATHS = NO;
				CLANG_CXX_LANGUAGE_STANDARD = "gnu++0x";
				CLANG_CXX_LIBRARY = "libc++";
				CLANG_ENABLE_MODULES = YES;
				CLANG_ENABLE_OBJC_ARC = YES;
				CLANG_WARN_BOOL_CONVERSION = YES;
				CLANG_WARN_CONSTANT_CONVERSION = YES;
				CLANG_WARN_DIRECT_OBJC_ISA_USAGE = YES_ERROR;
				CLANG_WARN_EMPTY_BODY = YES;
				CLANG_WARN_ENUM_CONVERSION = YES;
				CLANG_WARN_INT_CONVERSION = YES;
				CLANG_WARN_OBJC_ROOT_CLASS = YES_ERROR;
				CLANG_WARN_UNREACHABLE_CODE = YES;
				CLANG_WARN__DUPLICATE_METHOD_MATCH = YES;
				"CODE_SIGN_IDENTITY[sdk=iphoneos*]" = "iPhone Developer";
				COPY_PHASE_STRIP = NO;
				DEBUG_INFORMATION_FORMAT = "dwarf-with-dsym";
				ENABLE_NS_ASSERTIONS = NO;
				ENABLE_STRICT_OBJC_MSGSEND = YES;
				GCC_C_LANGUAGE_STANDARD = gnu99;
				GCC_NO_COMMON_BLOCKS = YES;
				GCC_WARN_64_TO_32_BIT_CONVERSION = YES;
				GCC_WARN_ABOUT_RETURN_TYPE = YES_ERROR;
				GCC_WARN_UNDECLARED_SELECTOR = YES;
				GCC_WARN_UNINITIALIZED_AUTOS = YES_AGGRESSIVE;
				GCC_WARN_UNUSED_FUNCTION = YES;
				GCC_WARN_UNUSED_VARIABLE = YES;
				IPHONEOS_DEPLOYMENT_TARGET = 8.3;
				MTL_ENABLE_DEBUG_INFO = NO;
				SDKROOT = iphoneos;
				VALIDATE_PRODUCT = YES;
			};
			name = Release;
		};
		2DBAEA3A1AE622E400372075 /* Debug */ = {
			isa = XCBuildConfiguration;
			buildSettings = {
				ASSETCATALOG_COMPILER_APPICON_NAME = AppIcon;
				INFOPLIST_FILE = SearchBar/Info.plist;
				IPHONEOS_DEPLOYMENT_TARGET = 8.3;
				LD_RUNPATH_SEARCH_PATHS = "$(inherited) @executable_path/Frameworks";
				PRODUCT_NAME = "$(TARGET_NAME)";
			};
			name = Debug;
		};
		2DBAEA3B1AE622E400372075 /* Release */ = {
			isa = XCBuildConfiguration;
			buildSettings = {
				ASSETCATALOG_COMPILER_APPICON_NAME = AppIcon;
				INFOPLIST_FILE = SearchBar/Info.plist;
				IPHONEOS_DEPLOYMENT_TARGET = 8.3;
				LD_RUNPATH_SEARCH_PATHS = "$(inherited) @executable_path/Frameworks";
				PRODUCT_NAME = "$(TARGET_NAME)";
			};
			name = Release;
		};
		2DBAEA3D1AE622E400372075 /* Debug */ = {
			isa = XCBuildConfiguration;
			buildSettings = {
				BUNDLE_LOADER = "$(TEST_HOST)";
				FRAMEWORK_SEARCH_PATHS = (
					"$(SDKROOT)/Developer/Library/Frameworks",
					"$(inherited)",
				);
				GCC_PREPROCESSOR_DEFINITIONS = (
					"DEBUG=1",
					"$(inherited)",
				);
				INFOPLIST_FILE = SearchBarTests/Info.plist;
				LD_RUNPATH_SEARCH_PATHS = "$(inherited) @executable_path/Frameworks @loader_path/Frameworks";
				PRODUCT_NAME = "$(TARGET_NAME)";
				TEST_HOST = "$(BUILT_PRODUCTS_DIR)/SearchBar.app/SearchBar";
			};
			name = Debug;
		};
		2DBAEA3E1AE622E400372075 /* Release */ = {
			isa = XCBuildConfiguration;
			buildSettings = {
				BUNDLE_LOADER = "$(TEST_HOST)";
				FRAMEWORK_SEARCH_PATHS = (
					"$(SDKROOT)/Developer/Library/Frameworks",
					"$(inherited)",
				);
				INFOPLIST_FILE = SearchBarTests/Info.plist;
				LD_RUNPATH_SEARCH_PATHS = "$(inherited) @executable_path/Frameworks @loader_path/Frameworks";
				PRODUCT_NAME = "$(TARGET_NAME)";
				TEST_HOST = "$(BUILT_PRODUCTS_DIR)/SearchBar.app/SearchBar";
			};
			name = Release;
		};
/* End XCBuildConfiguration section */

/* Begin XCConfigurationList section */
		2DBAEA151AE622E400372075 /* Build configuration list for PBXProject "SearchBar" */ = {
			isa = XCConfigurationList;
			buildConfigurations = (
				2DBAEA371AE622E400372075 /* Debug */,
				2DBAEA381AE622E400372075 /* Release */,
			);
			defaultConfigurationIsVisible = 0;
			defaultConfigurationName = Release;
		};
		2DBAEA391AE622E400372075 /* Build configuration list for PBXNativeTarget "SearchBar" */ = {
			isa = XCConfigurationList;
			buildConfigurations = (
				2DBAEA3A1AE622E400372075 /* Debug */,
				2DBAEA3B1AE622E400372075 /* Release */,
			);
			defaultConfigurationIsVisible = 0;
		};
		2DBAEA3C1AE622E400372075 /* Build configuration list for PBXNativeTarget "SearchBarTests" */ = {
			isa = XCConfigurationList;
			buildConfigurations = (
				2DBAEA3D1AE622E400372075 /* Debug */,
				2DBAEA3E1AE622E400372075 /* Release */,
			);
			defaultConfigurationIsVisible = 0;
		};
/* End XCConfigurationList section */
	};
	rootObject = 2DBAEA121AE622E400372075 /* Project object */;
}
